
Microsoft Visual Studio Solution File, Format Version 12.00
# Visual Studio Version 17
VisualStudioVersion = 17.1.32210.238
MinimumVisualStudioVersion = 10.0.40219.1
Project("{FAE04EC0-301F-11D3-BF4B-00C04F79EFBC}") = "WK", "WK.csproj", "{E0874104-AE22-4D12-92F3-9FF1833B2544}"
EndProject
Global
	GlobalSection(SolutionConfigurationPlatforms) = preSolution
		Debug|Any CPU = Debug|Any CPU
		Release|Any CPU = Release|Any CPU
	EndGlobalSection
	GlobalSection(ProjectConfigurationPlatforms) = postSolution
		{E0874104-AE22-4D12-92F3-9FF1833B2544}.Debug|Any CPU.ActiveCfg = Debug|Any CPU
		{E0874104-AE22-4D12-92F3-9FF1833B2544}.Debug|Any CPU.Build.0 = Debug|Any CPU
		{E0874104-AE22-4D12-92F3-9FF1833B2544}.Release|Any CPU.ActiveCfg = Release|Any CPU
		{E0874104-AE22-4D12-92F3-9FF1833B2544}.Release|Any CPU.Build.0 = Release|Any CPU
	EndGlobalSection
	GlobalSection(SolutionProperties) = preSolution
		HideSolutionNode = FALSE
	EndGlobalSection
	GlobalSection(ExtensibilityGlobals) = postSolution
		SolutionGuid = {1613A380-6C7C-4A9F-9735-A1E0D6DA2F3D}
	EndGlobalSection
EndGlobal
